<Solution>
  <Folder Name="/demo/">
    <Project Path="demo/Scott.Mail.Smtp2Go.Demo.Hosting/Scott.Mail.Smtp2Go.Demo.Hosting.csproj" />
    <Project Path="demo/Scott.Mail.Smtp2Go.Demo.WebhookReceiver/Scott.Mail.Smtp2Go.Demo.WebhookReceiver.csproj" />
    <Project Path="demo/Scott.Mail.Smtp2Go.Demo/Scott.Mail.Smtp2Go.Demo.csproj" />
  </Folder>
  <Folder Name="/src/">
    <Project Path="src/Scott.Mail.Smtp2Go.AspNetCore/Scott.Mail.Smtp2Go.AspNetCore.csproj" />
    <Project Path="src/Scott.Mail.Smtp2Go.DependencyInjection/Scott.Mail.Smtp2Go.DependencyInjection.csproj" />
    <Project Path="src/Scott.Mail.Smtp2Go/Scott.Mail.Smtp2Go.csproj" />
  </Folder>
  <Folder Name="/src/tools/">
    <Project Path="src/tools/Scott.Mail.Smtp2Go.SpecHarvester/Scott.Mail.Smtp2Go.SpecHarvester.csproj" />
  </Folder>
  <Folder Name="/test/">
    <Project Path="test/Scott.Mail.Smtp2Go.Tests.AspNetCore/Scott.Mail.Smtp2Go.Tests.AspNetCore.csproj" />
    <Project Path="test/Scott.Mail.Smtp2Go.Tests.Contract/Scott.Mail.Smtp2Go.Tests.Contract.csproj" />
    <Project Path="test/Scott.Mail.Smtp2Go.Tests.Integration/Scott.Mail.Smtp2Go.Tests.Integration.csproj" />
    <Project Path="test/Scott.Mail.Smtp2Go.Tests.Shared/Scott.Mail.Smtp2Go.Tests.Shared.csproj" />
    <Project Path="test/Scott.Mail.Smtp2Go.Tests.Unit/Scott.Mail.Smtp2Go.Tests.Unit.csproj" />
  </Folder>
</Solution>
