<Solution>
  <Folder Name="/src/">
    <Project Path="src/Scott.Mail.Smtp2Go.AspNetCore/Scott.Mail.Smtp2Go.AspNetCore.csproj" />
    <Project Path="src/Scott.Mail.Smtp2Go.DependencyInjection/Scott.Mail.Smtp2Go.DependencyInjection.csproj" />
    <Project Path="src/Scott.Mail.Smtp2Go/Scott.Mail.Smtp2Go.csproj" />
  </Folder>
  <Folder Name="/src/tools/">
    <Project Path="src/tools/Scott.Mail.Smtp2Go.SpecHarvester/Scott.Mail.Smtp2Go.SpecHarvester.csproj" />
  </Folder>
  <Folder Name="/test/">
    <Project Path="test/Scott.Mail.Smtp2Go.Tests.Shared/Scott.Mail.Smtp2Go.Tests.Shared.csproj" />
  </Folder>
</Solution>
